
Microsoft Visual Studio Solution File, Format Version 12.00
# Visual Studio Version 16
VisualStudioVersion = 16.0.31005.135
MinimumVisualStudioVersion = 10.0.40219.1
Project("{FAE04EC0-301F-11D3-BF4B-00C04F79EFBC}") = "sales-system", "sales-system\sales-system.csproj", "{1ADE2005-B528-4AB6-A6A8-11620FA433F4}"
EndProject
Global
	GlobalSection(SolutionConfigurationPlatforms) = preSolution
		Debug|Any CPU = Debug|Any CPU
		Release|Any CPU = Release|Any CPU
	EndGlobalSection
	GlobalSection(ProjectConfigurationPlatforms) = postSolution
		{1ADE2005-B528-4AB6-A6A8-11620FA433F4}.Debug|Any CPU.ActiveCfg = Debug|Any CPU
		{1ADE2005-B528-4AB6-A6A8-11620FA433F4}.Debug|Any CPU.Build.0 = Debug|Any CPU
		{1ADE2005-B528-4AB6-A6A8-11620FA433F4}.Release|Any CPU.ActiveCfg = Release|Any CPU
		{1ADE2005-B528-4AB6-A6A8-11620FA433F4}.Release|Any CPU.Build.0 = Release|Any CPU
	EndGlobalSection
	GlobalSection(SolutionProperties) = preSolution
		HideSolutionNode = FALSE
	EndGlobalSection
	GlobalSection(ExtensibilityGlobals) = postSolution
		SolutionGuid = {15ABE6FD-7332-459C-9D53-432461FA7235}
	EndGlobalSection
EndGlobal
